
Microsoft Visual Studio Solution File, Format Version 12.00
# Visual Studio Version 17
VisualStudioVersion = 17.11.35208.52
MinimumVisualStudioVersion = 10.0.40219.1
Project("{FAE04EC0-301F-11D3-BF4B-00C04F79EFBC}") = "BaiTap07a", "BaiTap07a\BaiTap07a.csproj", "{33A525A0-B7E9-4614-A97E-5984E6BB7701}"
EndProject
Global
	GlobalSection(SolutionConfigurationPlatforms) = preSolution
		Debug|Any CPU = Debug|Any CPU
		Release|Any CPU = Release|Any CPU
	EndGlobalSection
	GlobalSection(ProjectConfigurationPlatforms) = postSolution
		{33A525A0-B7E9-4614-A97E-5984E6BB7701}.Debug|Any CPU.ActiveCfg = Debug|Any CPU
		{33A525A0-B7E9-4614-A97E-5984E6BB7701}.Debug|Any CPU.Build.0 = Debug|Any CPU
		{33A525A0-B7E9-4614-A97E-5984E6BB7701}.Release|Any CPU.ActiveCfg = Release|Any CPU
		{33A525A0-B7E9-4614-A97E-5984E6BB7701}.Release|Any CPU.Build.0 = Release|Any CPU
	EndGlobalSection
	GlobalSection(SolutionProperties) = preSolution
		HideSolutionNode = FALSE
	EndGlobalSection
	GlobalSection(ExtensibilityGlobals) = postSolution
		SolutionGuid = {89A8AD02-16DC-4C23-8AB3-F41146DD18E0}
	EndGlobalSection
EndGlobal
