
Microsoft Visual Studio Solution File, Format Version 12.00
# Visual Studio Version 17
VisualStudioVersion = 17.11.35208.52
MinimumVisualStudioVersion = 10.0.40219.1
Project("{FAE04EC0-301F-11D3-BF4B-00C04F79EFBC}") = "BaiTap05", "BaiTap05\BaiTap05.csproj", "{6A5326D5-5475-4E6F-93BB-09D02443E5D0}"
EndProject
Global
	GlobalSection(SolutionConfigurationPlatforms) = preSolution
		Debug|Any CPU = Debug|Any CPU
		Release|Any CPU = Release|Any CPU
	EndGlobalSection
	GlobalSection(ProjectConfigurationPlatforms) = postSolution
		{6A5326D5-5475-4E6F-93BB-09D02443E5D0}.Debug|Any CPU.ActiveCfg = Debug|Any CPU
		{6A5326D5-5475-4E6F-93BB-09D02443E5D0}.Debug|Any CPU.Build.0 = Debug|Any CPU
		{6A5326D5-5475-4E6F-93BB-09D02443E5D0}.Release|Any CPU.ActiveCfg = Release|Any CPU
		{6A5326D5-5475-4E6F-93BB-09D02443E5D0}.Release|Any CPU.Build.0 = Release|Any CPU
	EndGlobalSection
	GlobalSection(SolutionProperties) = preSolution
		HideSolutionNode = FALSE
	EndGlobalSection
	GlobalSection(ExtensibilityGlobals) = postSolution
		SolutionGuid = {B09F374B-2D8E-4F85-8A43-E4A1326C4288}
	EndGlobalSection
EndGlobal
