
Microsoft Visual Studio Solution File, Format Version 12.00
# Visual Studio Version 17
VisualStudioVersion = 17.11.35208.52
MinimumVisualStudioVersion = 10.0.40219.1
Project("{FAE04EC0-301F-11D3-BF4B-00C04F79EFBC}") = "BaiKiemTra02", "BaiKiemTra02\BaiKiemTra02.csproj", "{39DE64FD-2DEF-46BD-97A2-93EE70886AB0}"
EndProject
Global
	GlobalSection(SolutionConfigurationPlatforms) = preSolution
		Debug|Any CPU = Debug|Any CPU
		Release|Any CPU = Release|Any CPU
	EndGlobalSection
	GlobalSection(ProjectConfigurationPlatforms) = postSolution
		{39DE64FD-2DEF-46BD-97A2-93EE70886AB0}.Debug|Any CPU.ActiveCfg = Debug|Any CPU
		{39DE64FD-2DEF-46BD-97A2-93EE70886AB0}.Debug|Any CPU.Build.0 = Debug|Any CPU
		{39DE64FD-2DEF-46BD-97A2-93EE70886AB0}.Release|Any CPU.ActiveCfg = Release|Any CPU
		{39DE64FD-2DEF-46BD-97A2-93EE70886AB0}.Release|Any CPU.Build.0 = Release|Any CPU
	EndGlobalSection
	GlobalSection(SolutionProperties) = preSolution
		HideSolutionNode = FALSE
	EndGlobalSection
	GlobalSection(ExtensibilityGlobals) = postSolution
		SolutionGuid = {2A652676-16CD-48C9-BA42-64721A0518D6}
	EndGlobalSection
EndGlobal
