
Microsoft Visual Studio Solution File, Format Version 12.00
# Visual Studio Version 17
VisualStudioVersion = 17.11.35208.52
MinimumVisualStudioVersion = 10.0.40219.1
Project("{FAE04EC0-301F-11D3-BF4B-00C04F79EFBC}") = "BaiTap3", "BaiTap3\BaiTap3.csproj", "{78429AEA-ED51-4655-8A0B-490BBDE79D62}"
EndProject
Global
	GlobalSection(SolutionConfigurationPlatforms) = preSolution
		Debug|Any CPU = Debug|Any CPU
		Release|Any CPU = Release|Any CPU
	EndGlobalSection
	GlobalSection(ProjectConfigurationPlatforms) = postSolution
		{78429AEA-ED51-4655-8A0B-490BBDE79D62}.Debug|Any CPU.ActiveCfg = Debug|Any CPU
		{78429AEA-ED51-4655-8A0B-490BBDE79D62}.Debug|Any CPU.Build.0 = Debug|Any CPU
		{78429AEA-ED51-4655-8A0B-490BBDE79D62}.Release|Any CPU.ActiveCfg = Release|Any CPU
		{78429AEA-ED51-4655-8A0B-490BBDE79D62}.Release|Any CPU.Build.0 = Release|Any CPU
	EndGlobalSection
	GlobalSection(SolutionProperties) = preSolution
		HideSolutionNode = FALSE
	EndGlobalSection
	GlobalSection(ExtensibilityGlobals) = postSolution
		SolutionGuid = {2A76D72B-3A38-4B5D-919D-F4E62B8A2EFC}
	EndGlobalSection
EndGlobal
