
Microsoft Visual Studio Solution File, Format Version 12.00
# Visual Studio Version 17
VisualStudioVersion = 17.11.35208.52
MinimumVisualStudioVersion = 10.0.40219.1
Project("{FAE04EC0-301F-11D3-BF4B-00C04F79EFBC}") = "BaiTap04", "BaiTap04\BaiTap04.csproj", "{F400E8ED-2347-4296-8BCF-48A65F936549}"
EndProject
Global
	GlobalSection(SolutionConfigurationPlatforms) = preSolution
		Debug|Any CPU = Debug|Any CPU
		Release|Any CPU = Release|Any CPU
	EndGlobalSection
	GlobalSection(ProjectConfigurationPlatforms) = postSolution
		{F400E8ED-2347-4296-8BCF-48A65F936549}.Debug|Any CPU.ActiveCfg = Debug|Any CPU
		{F400E8ED-2347-4296-8BCF-48A65F936549}.Debug|Any CPU.Build.0 = Debug|Any CPU
		{F400E8ED-2347-4296-8BCF-48A65F936549}.Release|Any CPU.ActiveCfg = Release|Any CPU
		{F400E8ED-2347-4296-8BCF-48A65F936549}.Release|Any CPU.Build.0 = Release|Any CPU
	EndGlobalSection
	GlobalSection(SolutionProperties) = preSolution
		HideSolutionNode = FALSE
	EndGlobalSection
	GlobalSection(ExtensibilityGlobals) = postSolution
		SolutionGuid = {CE37B1D8-0453-40DE-9C2C-E23B959F87CB}
	EndGlobalSection
EndGlobal
