
Microsoft Visual Studio Solution File, Format Version 12.00
# Visual Studio Version 17
VisualStudioVersion = 17.11.35208.52
MinimumVisualStudioVersion = 10.0.40219.1
Project("{FAE04EC0-301F-11D3-BF4B-00C04F79EFBC}") = "projectA", "projectA\projectA.csproj", "{996F0987-9EBC-4723-99C1-E49E36B5A65C}"
EndProject
Global
	GlobalSection(SolutionConfigurationPlatforms) = preSolution
		Debug|Any CPU = Debug|Any CPU
		Release|Any CPU = Release|Any CPU
	EndGlobalSection
	GlobalSection(ProjectConfigurationPlatforms) = postSolution
		{996F0987-9EBC-4723-99C1-E49E36B5A65C}.Debug|Any CPU.ActiveCfg = Debug|Any CPU
		{996F0987-9EBC-4723-99C1-E49E36B5A65C}.Debug|Any CPU.Build.0 = Debug|Any CPU
		{996F0987-9EBC-4723-99C1-E49E36B5A65C}.Release|Any CPU.ActiveCfg = Release|Any CPU
		{996F0987-9EBC-4723-99C1-E49E36B5A65C}.Release|Any CPU.Build.0 = Release|Any CPU
	EndGlobalSection
	GlobalSection(SolutionProperties) = preSolution
		HideSolutionNode = FALSE
	EndGlobalSection
	GlobalSection(ExtensibilityGlobals) = postSolution
		SolutionGuid = {C1F2E383-E59D-4CB1-9593-A0F027E2E4C4}
	EndGlobalSection
EndGlobal
